
Microsoft Visual Studio Solution File, Format Version 12.00
# Visual Studio 14
VisualStudioVersion = 14.0.25420.1
MinimumVisualStudioVersion = 10.0.40219.1
Project("{2150E333-8FDC-42A3-9474-1A3956D46DE8}") = "src", "src", "{965D0FDE-9AFF-4FAE-8CD7-AC4427A70445}"
EndProject
Project("{2150E333-8FDC-42A3-9474-1A3956D46DE8}") = "Solution Items", "Solution Items", "{96D4B37A-73AE-448C-8705-E6C2AB1A5CE2}"
	ProjectSection(SolutionItems) = preProject
		global.json = global.json
	EndProjectSection
EndProject
Project("{8BB2217D-0F2D-49D1-97BC-3654ED321F3B}") = "ApplicationOp", "src\ApplicationOp\ApplicationOp.xproj", "{574E98AD-3CE8-47EC-BEAD-B47328DBD24D}"
EndProject
Project("{FAE04EC0-301F-11D3-BF4B-00C04F79EFBC}") = "Infrastructure", "Infrastructure\Infrastructure.csproj", "{B348DFF5-2472-4651-9257-DF593B238557}"
EndProject
Project("{FAE04EC0-301F-11D3-BF4B-00C04F79EFBC}") = "Models", "Models\Models.csproj", "{1E2EF971-FF22-4621-87DC-A0B0FC93D2F7}"
EndProject
Global
	GlobalSection(SolutionConfigurationPlatforms) = preSolution
		Debug|Any CPU = Debug|Any CPU
		Release|Any CPU = Release|Any CPU
	EndGlobalSection
	GlobalSection(ProjectConfigurationPlatforms) = postSolution
		{574E98AD-3CE8-47EC-BEAD-B47328DBD24D}.Debug|Any CPU.ActiveCfg = Debug|Any CPU
		{574E98AD-3CE8-47EC-BEAD-B47328DBD24D}.Debug|Any CPU.Build.0 = Debug|Any CPU
		{574E98AD-3CE8-47EC-BEAD-B47328DBD24D}.Release|Any CPU.ActiveCfg = Release|Any CPU
		{574E98AD-3CE8-47EC-BEAD-B47328DBD24D}.Release|Any CPU.Build.0 = Release|Any CPU
		{B348DFF5-2472-4651-9257-DF593B238557}.Debug|Any CPU.ActiveCfg = Debug|Any CPU
		{B348DFF5-2472-4651-9257-DF593B238557}.Debug|Any CPU.Build.0 = Debug|Any CPU
		{B348DFF5-2472-4651-9257-DF593B238557}.Release|Any CPU.ActiveCfg = Release|Any CPU
		{B348DFF5-2472-4651-9257-DF593B238557}.Release|Any CPU.Build.0 = Release|Any CPU
		{1E2EF971-FF22-4621-87DC-A0B0FC93D2F7}.Debug|Any CPU.ActiveCfg = Debug|Any CPU
		{1E2EF971-FF22-4621-87DC-A0B0FC93D2F7}.Debug|Any CPU.Build.0 = Debug|Any CPU
		{1E2EF971-FF22-4621-87DC-A0B0FC93D2F7}.Release|Any CPU.ActiveCfg = Release|Any CPU
		{1E2EF971-FF22-4621-87DC-A0B0FC93D2F7}.Release|Any CPU.Build.0 = Release|Any CPU
	EndGlobalSection
	GlobalSection(SolutionProperties) = preSolution
		HideSolutionNode = FALSE
	EndGlobalSection
	GlobalSection(NestedProjects) = preSolution
		{574E98AD-3CE8-47EC-BEAD-B47328DBD24D} = {965D0FDE-9AFF-4FAE-8CD7-AC4427A70445}
	EndGlobalSection
EndGlobal
